
Microsoft Visual Studio Solution File, Format Version 12.00
# Visual Studio Version 17
VisualStudioVersion = 17.3.32819.101
MinimumVisualStudioVersion = 10.0.40219.1
Project("{FAE04EC0-301F-11D3-BF4B-00C04F79EFBC}") = "Exercise21", "Exercise21\Exercise21.csproj", "{9CF6C3C8-D659-4A58-8DDD-D9E02320D1B7}"
EndProject
Global
	GlobalSection(SolutionConfigurationPlatforms) = preSolution
		Debug|Any CPU = Debug|Any CPU
		Release|Any CPU = Release|Any CPU
	EndGlobalSection
	GlobalSection(ProjectConfigurationPlatforms) = postSolution
		{9CF6C3C8-D659-4A58-8DDD-D9E02320D1B7}.Debug|Any CPU.ActiveCfg = Debug|Any CPU
		{9CF6C3C8-D659-4A58-8DDD-D9E02320D1B7}.Debug|Any CPU.Build.0 = Debug|Any CPU
		{9CF6C3C8-D659-4A58-8DDD-D9E02320D1B7}.Release|Any CPU.ActiveCfg = Release|Any CPU
		{9CF6C3C8-D659-4A58-8DDD-D9E02320D1B7}.Release|Any CPU.Build.0 = Release|Any CPU
	EndGlobalSection
	GlobalSection(SolutionProperties) = preSolution
		HideSolutionNode = FALSE
	EndGlobalSection
	GlobalSection(ExtensibilityGlobals) = postSolution
		SolutionGuid = {640E4028-BA38-4098-94F2-747E40D28E7F}
	EndGlobalSection
EndGlobal
